github.com/zhangdapeng520/zdpgo_json v0.1.2 h1:E5Zf0VpTFZP5VrVGQqp7nvYsOQhDhIg2vQEkjldwlJc=
github.com/zhangdapeng520/zdpgo_json v0.1.2/go.mod h1:ArbXlMRMsWO+3bIobPaYK/P86yYrefnQLro0/QgHWS4=
github.com/zhangdapeng520/zdpgo_yaml v0.1.0 h1:tIbAnMXH/voigfAjNiclM4nlQcbZzutNlI5Jk+37tjE=
github.com/zhangdapeng520/zdpgo_yaml v0.1.0/go.mod h1:bsPOffw0/qvTmaukVBeZe/Mvui9fxa9+0sbhzB/04Ls=
